
Microsoft Visual Studio Solution File, Format Version 12.00
# Visual Studio Version 17
VisualStudioVersion = 17.8.34316.72
MinimumVisualStudioVersion = 10.0.40219.1
Project("{FAE04EC0-301F-11D3-BF4B-00C04F79EFBC}") = "Desafio", "Desafio\Desafio.csproj", "{7A6DFAC5-7C9F-4AD2-ABB0-36EB97E4CA7A}"
EndProject
Global
	GlobalSection(SolutionConfigurationPlatforms) = preSolution
		Debug|Any CPU = Debug|Any CPU
		Release|Any CPU = Release|Any CPU
	EndGlobalSection
	GlobalSection(ProjectConfigurationPlatforms) = postSolution
		{7A6DFAC5-7C9F-4AD2-ABB0-36EB97E4CA7A}.Debug|Any CPU.ActiveCfg = Debug|Any CPU
		{7A6DFAC5-7C9F-4AD2-ABB0-36EB97E4CA7A}.Debug|Any CPU.Build.0 = Debug|Any CPU
		{7A6DFAC5-7C9F-4AD2-ABB0-36EB97E4CA7A}.Release|Any CPU.ActiveCfg = Release|Any CPU
		{7A6DFAC5-7C9F-4AD2-ABB0-36EB97E4CA7A}.Release|Any CPU.Build.0 = Release|Any CPU
	EndGlobalSection
	GlobalSection(SolutionProperties) = preSolution
		HideSolutionNode = FALSE
	EndGlobalSection
	GlobalSection(ExtensibilityGlobals) = postSolution
		SolutionGuid = {F0425534-601F-4EDF-9006-E71C86784175}
	EndGlobalSection
EndGlobal
