
Microsoft Visual Studio Solution File, Format Version 12.00
# Visual Studio Version 17
VisualStudioVersion = 17.8.34316.72
MinimumVisualStudioVersion = 10.0.40219.1
Project("{FAE04EC0-301F-11D3-BF4B-00C04F79EFBC}") = "Lista 2", "Lista 2\Lista 2.csproj", "{4801F7F7-4661-4A58-9D59-5FEE3E2571A5}"
EndProject
Global
	GlobalSection(SolutionConfigurationPlatforms) = preSolution
		Debug|Any CPU = Debug|Any CPU
		Release|Any CPU = Release|Any CPU
	EndGlobalSection
	GlobalSection(ProjectConfigurationPlatforms) = postSolution
		{4801F7F7-4661-4A58-9D59-5FEE3E2571A5}.Debug|Any CPU.ActiveCfg = Debug|Any CPU
		{4801F7F7-4661-4A58-9D59-5FEE3E2571A5}.Debug|Any CPU.Build.0 = Debug|Any CPU
		{4801F7F7-4661-4A58-9D59-5FEE3E2571A5}.Release|Any CPU.ActiveCfg = Release|Any CPU
		{4801F7F7-4661-4A58-9D59-5FEE3E2571A5}.Release|Any CPU.Build.0 = Release|Any CPU
	EndGlobalSection
	GlobalSection(SolutionProperties) = preSolution
		HideSolutionNode = FALSE
	EndGlobalSection
	GlobalSection(ExtensibilityGlobals) = postSolution
		SolutionGuid = {979D774D-56EC-4B25-9652-E7D8B894BF4E}
	EndGlobalSection
EndGlobal
