
Microsoft Visual Studio Solution File, Format Version 12.00
# Visual Studio Version 17
VisualStudioVersion = 17.8.34316.72
MinimumVisualStudioVersion = 10.0.40219.1
Project("{FAE04EC0-301F-11D3-BF4B-00C04F79EFBC}") = "AppProduto", "AppProduto\AppProduto.csproj", "{FEDD2878-23C7-49B5-9244-85D65C38C08D}"
EndProject
Global
	GlobalSection(SolutionConfigurationPlatforms) = preSolution
		Debug|Any CPU = Debug|Any CPU
		Release|Any CPU = Release|Any CPU
	EndGlobalSection
	GlobalSection(ProjectConfigurationPlatforms) = postSolution
		{FEDD2878-23C7-49B5-9244-85D65C38C08D}.Debug|Any CPU.ActiveCfg = Debug|Any CPU
		{FEDD2878-23C7-49B5-9244-85D65C38C08D}.Debug|Any CPU.Build.0 = Debug|Any CPU
		{FEDD2878-23C7-49B5-9244-85D65C38C08D}.Release|Any CPU.ActiveCfg = Release|Any CPU
		{FEDD2878-23C7-49B5-9244-85D65C38C08D}.Release|Any CPU.Build.0 = Release|Any CPU
	EndGlobalSection
	GlobalSection(SolutionProperties) = preSolution
		HideSolutionNode = FALSE
	EndGlobalSection
	GlobalSection(ExtensibilityGlobals) = postSolution
		SolutionGuid = {CB84C314-C212-4468-946A-4BEF130EBCCF}
	EndGlobalSection
EndGlobal
