
Microsoft Visual Studio Solution File, Format Version 12.00
# Visual Studio Version 17
VisualStudioVersion = 17.8.34316.72
MinimumVisualStudioVersion = 10.0.40219.1
Project("{FAE04EC0-301F-11D3-BF4B-00C04F79EFBC}") = "Aula3", "Aula3\Aula3.csproj", "{20B55426-8043-49C5-8BFF-4984E8ED4908}"
EndProject
Global
	GlobalSection(SolutionConfigurationPlatforms) = preSolution
		Debug|Any CPU = Debug|Any CPU
		Release|Any CPU = Release|Any CPU
	EndGlobalSection
	GlobalSection(ProjectConfigurationPlatforms) = postSolution
		{20B55426-8043-49C5-8BFF-4984E8ED4908}.Debug|Any CPU.ActiveCfg = Debug|Any CPU
		{20B55426-8043-49C5-8BFF-4984E8ED4908}.Debug|Any CPU.Build.0 = Debug|Any CPU
		{20B55426-8043-49C5-8BFF-4984E8ED4908}.Release|Any CPU.ActiveCfg = Release|Any CPU
		{20B55426-8043-49C5-8BFF-4984E8ED4908}.Release|Any CPU.Build.0 = Release|Any CPU
	EndGlobalSection
	GlobalSection(SolutionProperties) = preSolution
		HideSolutionNode = FALSE
	EndGlobalSection
	GlobalSection(ExtensibilityGlobals) = postSolution
		SolutionGuid = {0E6EB8FA-0D31-4B56-9F41-D166F6D69499}
	EndGlobalSection
EndGlobal
