
Microsoft Visual Studio Solution File, Format Version 12.00
# Visual Studio Version 17
VisualStudioVersion = 17.8.34316.72
MinimumVisualStudioVersion = 10.0.40219.1
Project("{FAE04EC0-301F-11D3-BF4B-00C04F79EFBC}") = "Revisão - Prova 1", "Revisão - Prova 1\Revisão - Prova 1.csproj", "{0FC54DBD-A8CB-4784-B666-844007A9FE4B}"
EndProject
Global
	GlobalSection(SolutionConfigurationPlatforms) = preSolution
		Debug|Any CPU = Debug|Any CPU
		Release|Any CPU = Release|Any CPU
	EndGlobalSection
	GlobalSection(ProjectConfigurationPlatforms) = postSolution
		{0FC54DBD-A8CB-4784-B666-844007A9FE4B}.Debug|Any CPU.ActiveCfg = Debug|Any CPU
		{0FC54DBD-A8CB-4784-B666-844007A9FE4B}.Debug|Any CPU.Build.0 = Debug|Any CPU
		{0FC54DBD-A8CB-4784-B666-844007A9FE4B}.Release|Any CPU.ActiveCfg = Release|Any CPU
		{0FC54DBD-A8CB-4784-B666-844007A9FE4B}.Release|Any CPU.Build.0 = Release|Any CPU
	EndGlobalSection
	GlobalSection(SolutionProperties) = preSolution
		HideSolutionNode = FALSE
	EndGlobalSection
	GlobalSection(ExtensibilityGlobals) = postSolution
		SolutionGuid = {DCB475FE-CFA7-4FB2-A8A2-B0F2A2ED3728}
	EndGlobalSection
EndGlobal
