
Microsoft Visual Studio Solution File, Format Version 12.00
# Visual Studio Version 17
VisualStudioVersion = 17.8.34316.72
MinimumVisualStudioVersion = 10.0.40219.1
Project("{FAE04EC0-301F-11D3-BF4B-00C04F79EFBC}") = "Atividade2", "Atividade2\Atividade2.csproj", "{B661C11C-3ECC-471B-B1A5-7B0172992F5B}"
EndProject
Global
	GlobalSection(SolutionConfigurationPlatforms) = preSolution
		Debug|Any CPU = Debug|Any CPU
		Release|Any CPU = Release|Any CPU
	EndGlobalSection
	GlobalSection(ProjectConfigurationPlatforms) = postSolution
		{B661C11C-3ECC-471B-B1A5-7B0172992F5B}.Debug|Any CPU.ActiveCfg = Debug|Any CPU
		{B661C11C-3ECC-471B-B1A5-7B0172992F5B}.Debug|Any CPU.Build.0 = Debug|Any CPU
		{B661C11C-3ECC-471B-B1A5-7B0172992F5B}.Release|Any CPU.ActiveCfg = Release|Any CPU
		{B661C11C-3ECC-471B-B1A5-7B0172992F5B}.Release|Any CPU.Build.0 = Release|Any CPU
	EndGlobalSection
	GlobalSection(SolutionProperties) = preSolution
		HideSolutionNode = FALSE
	EndGlobalSection
	GlobalSection(ExtensibilityGlobals) = postSolution
		SolutionGuid = {2B7B4F03-B62C-4D53-A57A-A77822DCEF13}
	EndGlobalSection
EndGlobal
