
Microsoft Visual Studio Solution File, Format Version 12.00
# Visual Studio Version 17
VisualStudioVersion = 17.13.35931.197 d17.13
MinimumVisualStudioVersion = 10.0.40219.1
Project("{FAE04EC0-301F-11D3-BF4B-00C04F79EFBC}") = "Lista 1 - Forms", "Lista 1 - Forms\Lista 1 - Forms.csproj", "{0F6C2FC0-0AE1-48B2-BB41-A8DAB8B73A5B}"
EndProject
Global
	GlobalSection(SolutionConfigurationPlatforms) = preSolution
		Debug|Any CPU = Debug|Any CPU
		Release|Any CPU = Release|Any CPU
	EndGlobalSection
	GlobalSection(ProjectConfigurationPlatforms) = postSolution
		{0F6C2FC0-0AE1-48B2-BB41-A8DAB8B73A5B}.Debug|Any CPU.ActiveCfg = Debug|Any CPU
		{0F6C2FC0-0AE1-48B2-BB41-A8DAB8B73A5B}.Debug|Any CPU.Build.0 = Debug|Any CPU
		{0F6C2FC0-0AE1-48B2-BB41-A8DAB8B73A5B}.Release|Any CPU.ActiveCfg = Release|Any CPU
		{0F6C2FC0-0AE1-48B2-BB41-A8DAB8B73A5B}.Release|Any CPU.Build.0 = Release|Any CPU
	EndGlobalSection
	GlobalSection(SolutionProperties) = preSolution
		HideSolutionNode = FALSE
	EndGlobalSection
	GlobalSection(ExtensibilityGlobals) = postSolution
		SolutionGuid = {EF13E37E-8990-4165-9E99-199CFE4D7916}
	EndGlobalSection
EndGlobal
