
Microsoft Visual Studio Solution File, Format Version 12.00
# Visual Studio Version 17
VisualStudioVersion = 17.8.34316.72
MinimumVisualStudioVersion = 10.0.40219.1
Project("{FAE04EC0-301F-11D3-BF4B-00C04F79EFBC}") = "Atividade1", "Atividade1\Atividade1.csproj", "{365764A9-3367-4AB0-9B49-580922B3B0D1}"
EndProject
Global
	GlobalSection(SolutionConfigurationPlatforms) = preSolution
		Debug|Any CPU = Debug|Any CPU
		Release|Any CPU = Release|Any CPU
	EndGlobalSection
	GlobalSection(ProjectConfigurationPlatforms) = postSolution
		{365764A9-3367-4AB0-9B49-580922B3B0D1}.Debug|Any CPU.ActiveCfg = Debug|Any CPU
		{365764A9-3367-4AB0-9B49-580922B3B0D1}.Debug|Any CPU.Build.0 = Debug|Any CPU
		{365764A9-3367-4AB0-9B49-580922B3B0D1}.Release|Any CPU.ActiveCfg = Release|Any CPU
		{365764A9-3367-4AB0-9B49-580922B3B0D1}.Release|Any CPU.Build.0 = Release|Any CPU
	EndGlobalSection
	GlobalSection(SolutionProperties) = preSolution
		HideSolutionNode = FALSE
	EndGlobalSection
	GlobalSection(ExtensibilityGlobals) = postSolution
		SolutionGuid = {5741D011-E075-49A9-8424-CA090E1611E5}
	EndGlobalSection
EndGlobal
