
Microsoft Visual Studio Solution File, Format Version 12.00
# Visual Studio Version 17
VisualStudioVersion = 17.8.34316.72
MinimumVisualStudioVersion = 10.0.40219.1
Project("{FAE04EC0-301F-11D3-BF4B-00C04F79EFBC}") = "Funcionarios", "Funcionarios\Funcionarios.csproj", "{F0B020F4-DCDB-4BFA-BFD5-D1E266EB14D0}"
EndProject
Global
	GlobalSection(SolutionConfigurationPlatforms) = preSolution
		Debug|Any CPU = Debug|Any CPU
		Release|Any CPU = Release|Any CPU
	EndGlobalSection
	GlobalSection(ProjectConfigurationPlatforms) = postSolution
		{F0B020F4-DCDB-4BFA-BFD5-D1E266EB14D0}.Debug|Any CPU.ActiveCfg = Debug|Any CPU
		{F0B020F4-DCDB-4BFA-BFD5-D1E266EB14D0}.Debug|Any CPU.Build.0 = Debug|Any CPU
		{F0B020F4-DCDB-4BFA-BFD5-D1E266EB14D0}.Release|Any CPU.ActiveCfg = Release|Any CPU
		{F0B020F4-DCDB-4BFA-BFD5-D1E266EB14D0}.Release|Any CPU.Build.0 = Release|Any CPU
	EndGlobalSection
	GlobalSection(SolutionProperties) = preSolution
		HideSolutionNode = FALSE
	EndGlobalSection
	GlobalSection(ExtensibilityGlobals) = postSolution
		SolutionGuid = {C81FAD13-C1B2-4B54-A190-CD34CFCDD260}
	EndGlobalSection
EndGlobal
